
Microsoft Visual Studio Solution File, Format Version 12.00
# Visual Studio Version 16
VisualStudioVersion = 16.0.29709.97
MinimumVisualStudioVersion = 10.0.40219.1
Project("{FAE04EC0-301F-11D3-BF4B-00C04F79EFBC}") = "TPR_1", "CIAKOD_RGR_2\TPR_1.csproj", "{50C5EAC5-8180-415F-A0DA-BEF3CCF845CF}"
EndProject
Global
	GlobalSection(SolutionConfigurationPlatforms) = preSolution
		Debug|Any CPU = Debug|Any CPU
		Release|Any CPU = Release|Any CPU
	EndGlobalSection
	GlobalSection(ProjectConfigurationPlatforms) = postSolution
		{50C5EAC5-8180-415F-A0DA-BEF3CCF845CF}.Debug|Any CPU.ActiveCfg = Debug|Any CPU
		{50C5EAC5-8180-415F-A0DA-BEF3CCF845CF}.Debug|Any CPU.Build.0 = Debug|Any CPU
		{50C5EAC5-8180-415F-A0DA-BEF3CCF845CF}.Release|Any CPU.ActiveCfg = Release|Any CPU
		{50C5EAC5-8180-415F-A0DA-BEF3CCF845CF}.Release|Any CPU.Build.0 = Release|Any CPU
	EndGlobalSection
	GlobalSection(SolutionProperties) = preSolution
		HideSolutionNode = FALSE
	EndGlobalSection
	GlobalSection(ExtensibilityGlobals) = postSolution
		SolutionGuid = {8CCCC1B4-4966-4368-BAE8-ADA9674B6D58}
	EndGlobalSection
EndGlobal
